
Microsoft Visual Studio Solution File, Format Version 12.00
# Visual Studio Version 16
VisualStudioVersion = 16.0.32106.194
MinimumVisualStudioVersion = 10.0.40219.1
Project("{FAE04EC0-301F-11D3-BF4B-00C04F79EFBC}") = "DatingApp", "DatingApp\DatingApp.csproj", "{D4AC75A9-9E52-4987-8FD6-CC630D7DAAD3}"
EndProject
Global
	GlobalSection(SolutionConfigurationPlatforms) = preSolution
		Debug|Any CPU = Debug|Any CPU
		Release|Any CPU = Release|Any CPU
	EndGlobalSection
	GlobalSection(ProjectConfigurationPlatforms) = postSolution
		{D4AC75A9-9E52-4987-8FD6-CC630D7DAAD3}.Debug|Any CPU.ActiveCfg = Debug|Any CPU
		{D4AC75A9-9E52-4987-8FD6-CC630D7DAAD3}.Debug|Any CPU.Build.0 = Debug|Any CPU
		{D4AC75A9-9E52-4987-8FD6-CC630D7DAAD3}.Release|Any CPU.ActiveCfg = Release|Any CPU
		{D4AC75A9-9E52-4987-8FD6-CC630D7DAAD3}.Release|Any CPU.Build.0 = Release|Any CPU
	EndGlobalSection
	GlobalSection(SolutionProperties) = preSolution
		HideSolutionNode = FALSE
	EndGlobalSection
	GlobalSection(ExtensibilityGlobals) = postSolution
		SolutionGuid = {BD73BF6B-2A0B-4D95-A654-29E5406CED1D}
	EndGlobalSection
EndGlobal
